
Microsoft Visual Studio Solution File, Format Version 12.00
# Visual Studio Version 16
VisualStudioVersion = 16.0.31129.286
MinimumVisualStudioVersion = 10.0.40219.1
Project("{FAE04EC0-301F-11D3-BF4B-00C04F79EFBC}") = "swapperly-mvc", "swapperly-mvc\swapperly-mvc.csproj", "{814115A2-955B-4AE4-A534-E22342D2AD03}"
EndProject
Global
	GlobalSection(SolutionConfigurationPlatforms) = preSolution
		Debug|Any CPU = Debug|Any CPU
		Release|Any CPU = Release|Any CPU
	EndGlobalSection
	GlobalSection(ProjectConfigurationPlatforms) = postSolution
		{814115A2-955B-4AE4-A534-E22342D2AD03}.Debug|Any CPU.ActiveCfg = Debug|Any CPU
		{814115A2-955B-4AE4-A534-E22342D2AD03}.Debug|Any CPU.Build.0 = Debug|Any CPU
		{814115A2-955B-4AE4-A534-E22342D2AD03}.Release|Any CPU.ActiveCfg = Release|Any CPU
		{814115A2-955B-4AE4-A534-E22342D2AD03}.Release|Any CPU.Build.0 = Release|Any CPU
	EndGlobalSection
	GlobalSection(SolutionProperties) = preSolution
		HideSolutionNode = FALSE
	EndGlobalSection
	GlobalSection(ExtensibilityGlobals) = postSolution
		SolutionGuid = {DAF0209D-0EAB-48D2-A6F4-5AB0AE354753}
	EndGlobalSection
EndGlobal
